{
  "name": "Coursework-with-Quasar",
  "lockfileVersion": 3,
  "requires": true,
  "packages": {
    "": {
      "dependencies": {
        "quasar": "^2.11.7"
      }
    },
    "node_modules/quasar": {
      "version": "2.11.7",
      "resolved": "https://registry.npmjs.org/quasar/-/quasar-2.11.7.tgz",
      "integrity": "sha512-OzDwYfoSwZbwqfNWz9Bfn1mhGE8YMxpTLhPvVkQU87ePF6qFj4aWttcTUifXITKldOAZziN1Mmv8VLQyITHwiw==",
      "engines": {
        "node": ">= 10.18.1",
        "npm": ">= 6.13.4",
        "yarn": ">= 1.21.1"
      },
      "funding": {
        "type": "github",
        "url": "https://donate.quasar.dev"
      }
    }
  }
}
